
Microsoft Visual Studio Solution File, Format Version 12.00
# Visual Studio Version 17
VisualStudioVersion = 17.7.34031.279
MinimumVisualStudioVersion = 10.0.40219.1
Project("{9A19103F-16F7-4668-BE54-9A1E7A4F7556}") = "SpotifyGPX", "SpotifyGPX\SpotifyGPX.csproj", "{9FA37CFF-4168-47FF-8A47-4363D5C3ED77}"
EndProject
Project("{9A19103F-16F7-4668-BE54-9A1E7A4F7556}") = "SpotifyGPX.Options", "SpotifyGPX.Options\SpotifyGPX.Options.csproj", "{29A1DF58-5BF5-4E0A-A531-5C6FF50F6BFF}"
EndProject
Project("{9A19103F-16F7-4668-BE54-9A1E7A4F7556}") = "SpotifyGPX.Json", "SpotifyGPX.Json\SpotifyGPX.Json.csproj", "{20DFB7F3-C268-4B4A-858E-F94750F3DC46}"
EndProject
Project("{9A19103F-16F7-4668-BE54-9A1E7A4F7556}") = "SpotifyGPX.Gpx", "SpotifyGPX.Gpx\SpotifyGPX.Gpx.csproj", "{C978495C-B1B8-4039-AC82-B5258CF6B8A9}"
EndProject
Project("{9A19103F-16F7-4668-BE54-9A1E7A4F7556}") = "SpotifyGPX.Pairings", "SpotifyGPX.Correlator\SpotifyGPX.Pairings.csproj", "{9DBE6C20-92F7-44F2-B97E-1762EA80A820}"
EndProject
Global
	GlobalSection(SolutionConfigurationPlatforms) = preSolution
		Debug|Any CPU = Debug|Any CPU
		Release|Any CPU = Release|Any CPU
	EndGlobalSection
	GlobalSection(ProjectConfigurationPlatforms) = postSolution
		{9FA37CFF-4168-47FF-8A47-4363D5C3ED77}.Debug|Any CPU.ActiveCfg = Debug|Any CPU
		{9FA37CFF-4168-47FF-8A47-4363D5C3ED77}.Debug|Any CPU.Build.0 = Debug|Any CPU
		{9FA37CFF-4168-47FF-8A47-4363D5C3ED77}.Release|Any CPU.ActiveCfg = Release|Any CPU
		{9FA37CFF-4168-47FF-8A47-4363D5C3ED77}.Release|Any CPU.Build.0 = Release|Any CPU
		{29A1DF58-5BF5-4E0A-A531-5C6FF50F6BFF}.Debug|Any CPU.ActiveCfg = Debug|Any CPU
		{29A1DF58-5BF5-4E0A-A531-5C6FF50F6BFF}.Debug|Any CPU.Build.0 = Debug|Any CPU
		{29A1DF58-5BF5-4E0A-A531-5C6FF50F6BFF}.Release|Any CPU.ActiveCfg = Release|Any CPU
		{29A1DF58-5BF5-4E0A-A531-5C6FF50F6BFF}.Release|Any CPU.Build.0 = Release|Any CPU
		{20DFB7F3-C268-4B4A-858E-F94750F3DC46}.Debug|Any CPU.ActiveCfg = Debug|Any CPU
		{20DFB7F3-C268-4B4A-858E-F94750F3DC46}.Debug|Any CPU.Build.0 = Debug|Any CPU
		{20DFB7F3-C268-4B4A-858E-F94750F3DC46}.Release|Any CPU.ActiveCfg = Release|Any CPU
		{20DFB7F3-C268-4B4A-858E-F94750F3DC46}.Release|Any CPU.Build.0 = Release|Any CPU
		{C978495C-B1B8-4039-AC82-B5258CF6B8A9}.Debug|Any CPU.ActiveCfg = Debug|Any CPU
		{C978495C-B1B8-4039-AC82-B5258CF6B8A9}.Debug|Any CPU.Build.0 = Debug|Any CPU
		{C978495C-B1B8-4039-AC82-B5258CF6B8A9}.Release|Any CPU.ActiveCfg = Release|Any CPU
		{C978495C-B1B8-4039-AC82-B5258CF6B8A9}.Release|Any CPU.Build.0 = Release|Any CPU
		{9DBE6C20-92F7-44F2-B97E-1762EA80A820}.Debug|Any CPU.ActiveCfg = Debug|Any CPU
		{9DBE6C20-92F7-44F2-B97E-1762EA80A820}.Debug|Any CPU.Build.0 = Debug|Any CPU
		{9DBE6C20-92F7-44F2-B97E-1762EA80A820}.Release|Any CPU.ActiveCfg = Release|Any CPU
		{9DBE6C20-92F7-44F2-B97E-1762EA80A820}.Release|Any CPU.Build.0 = Release|Any CPU
	EndGlobalSection
	GlobalSection(SolutionProperties) = preSolution
		HideSolutionNode = FALSE
	EndGlobalSection
	GlobalSection(ExtensibilityGlobals) = postSolution
		SolutionGuid = {4FF7B34D-3484-495B-9A34-3332CC503459}
	EndGlobalSection
EndGlobal
